
Microsoft Visual Studio Solution File, Format Version 12.00
# Visual Studio Version 17
VisualStudioVersion = 17.6.33723.286
MinimumVisualStudioVersion = 10.0.40219.1
Project("{FAE04EC0-301F-11D3-BF4B-00C04F79EFBC}") = "BibliotheekBeheerSysteem", "BibliotheekBeheerSysteem\BibliotheekBeheerSysteem.csproj", "{70CCCCC3-26F7-40B8-BC48-60E3E8F3BBCB}"
EndProject
Global
	GlobalSection(SolutionConfigurationPlatforms) = preSolution
		Debug|Any CPU = Debug|Any CPU
		Release|Any CPU = Release|Any CPU
	EndGlobalSection
	GlobalSection(ProjectConfigurationPlatforms) = postSolution
		{70CCCCC3-26F7-40B8-BC48-60E3E8F3BBCB}.Debug|Any CPU.ActiveCfg = Debug|Any CPU
		{70CCCCC3-26F7-40B8-BC48-60E3E8F3BBCB}.Debug|Any CPU.Build.0 = Debug|Any CPU
		{70CCCCC3-26F7-40B8-BC48-60E3E8F3BBCB}.Release|Any CPU.ActiveCfg = Release|Any CPU
		{70CCCCC3-26F7-40B8-BC48-60E3E8F3BBCB}.Release|Any CPU.Build.0 = Release|Any CPU
	EndGlobalSection
	GlobalSection(SolutionProperties) = preSolution
		HideSolutionNode = FALSE
	EndGlobalSection
	GlobalSection(ExtensibilityGlobals) = postSolution
		SolutionGuid = {B495E0DF-1575-4223-8742-0BFCB71414B2}
	EndGlobalSection
EndGlobal
